{
  "version": 4,
  "terraform_version": "0.15.1",
  "serial": 94,
  "lineage": "7e8cdfd9-0ace-848b-a7f6-d72aadc83708",
  "outputs": {
    "cluster_name": {
      "value": "learnk8s-cluster-prod",
      "type": "string"
    }
  },
  "resources": [
    {
      "mode": "managed",
      "type": "local_file",
      "name": "kubeconfig",
      "provider": "provider[\"registry.terraform.io/hashicorp/local\"]",
      "instances": [
        {
          "schema_version": 0,
          "attributes": {
            "content": "apiVersion: v1\nclusters:\n- cluster:\n    certificate-authority-data: LS0tLS1CRUdJTiBDRVJUSUZJQ0FURS0tLS0tCk1JSUVMVENDQXBXZ0F3SUJBZ0lSQUkySXZtUVo0T0ZIZ1NScklkNkRxM013RFFZSktvWklodmNOQVFFTEJRQXcKTHpFdE1Dc0dBMVVFQXhNa05XSTBNMlkzT1dJdE56azROaTAwT1RrNExUa3hPVFF0WkdRNE5XRXlNMk0zWkdVegpNQ0FYRFRJeE1UQXhPVEl3TXpVeU4xb1lEekl3TlRFeE1ERXlNakV6TlRJM1dqQXZNUzB3S3dZRFZRUURFeVExCllqUXpaamM1WWkwM09UZzJMVFE1T1RndE9URTVOQzFrWkRnMVlUSXpZemRrWlRNd2dnR2lNQTBHQ1NxR1NJYjMKRFFFQkFRVUFBNElCandBd2dnR0tBb0lCZ1FDMHNjd1JyVFZCYXhpYVdjdjhZMlk3TGpZdmh1c1lrbnhCa2ZwNgpxbmkxWW1EeGovQ0F4OWhPVm9vR09UYms5eTRNdWlzWEZEWG9iaGlDaTFKbllzUGUxUk5XdG11emdtVkpFMUx3CnV2M256MzlDSldmaWxsZEJlOHlYbUxwb3BCa2hUN2FmQjE2djQ4UmlpUDFDQnRPSU9jRU1YSzJHS2t6a3ZPR1EKQ3RaTDNJOTZoNDUvY1hDRHAxVlJxaE1yRjhFWWp0a1lHME1JN2ZiOVZGbFRCdUVuWVV0anIrbDBReHFVakh0dwozaEcrZ2gyV3QzbEhZS25tTWZqTkdNMU1JNlBlajBEZzlVVmpCTUJZaS82azlVV3NSWXhHWkdSZ2psT2d3NUdHCnFYd2VYMEl6WWVtWlB2NXR0NDdFdTFRRW42ZFBnTTYxSy9WeVV4cTBCTUF5V3BDeDJ6eXhPYmxKSGIrblBQK3gKdGFpd2dxZ1lQV0o1ZmsxWFJ0T0NyNmZkM1FLN242aVVBU2ljR0FMUmVzODZ0WVQ0WDNuV05TRTRhY3NVNUtQQQo2YXdwOGVFejJDVUNvWlZTN2ZQVDVhM1Y4ZnIvNWo0Z3ZCQWg3WW9pWGNab21qazZ0a1AzU0ZhKzBqNm9aZHlxCmN4bDA4NHgzYk5zZzd6TVh3T2NIZUlkWVhDMENBd0VBQWFOQ01FQXdEZ1lEVlIwUEFRSC9CQVFEQWdJRU1BOEcKQTFVZEV3RUIvd1FGTUFNQkFmOHdIUVlEVlIwT0JCWUVGTEFVeFk1TTl4WmhOUC8zeWV1WTdlQlRLSUdNTUEwRwpDU3FHU0liM0RRRUJDd1VBQTRJQmdRQkw1V29TRXJJRGh3K0ZUS3FuWmNiQXlNTkxMcDVMVU1KZjZicmRqU2phCk14bUlKVkp3SWtaekpmRFhhcmpqQTF6MUFCbW1DWVRWNmczb0grR2tzMlVjMVFWSnZzNjhFY3V5U1d3Rjd5VGYKRkxySlpLNHBINDloeXErRytPK09zMmlYZnR0c3liUFdsdStwOW5FOWk4Q1hKd0RIaEE2ZkxiWFN5R1hOTWdEZQpnQ080UGtnTFdkVHdlN0NLRmgyejV5eTVOUzVSV0ZxdUVtaWtBeUhOdEluTGdKUkg1RXNab3htNFVHQi83dEhNCmVlUHlhRmJXVUcxUVZLMkpVV052eWJiMHFUYloyKzRSdStYVzNnTnZDVkJRVWlWT2ExWElTWnZxNndWSUl5V3EKTnFjZzlpM1JocEQvQWhKai81RXBvRWZtQ1NZNDhMYjIyNlFIaDZIVGJMOGZzZkxUNTRPakUwL3FISTNiYStiYgpRbjJIeFNRbFNPekRYcHN4dHRkY09wRUJnbG9zNTRXcG1aVEsrZlFwSlRqb05mL2xObGR0VmlLZ042dk9iMnMrCkhjazJyNUJJdXdBTzVad3RHS2pJVFJWem9sbDBGaGdJT201NTdHMXczSnE2WTFXY3p2VlhraWtIZlU3OE1md3IKaEsxRVB4ZkZhTm0wbHNzS05zdjF0czg9Ci0tLS0tRU5EIENFUlRJRklDQVRFLS0tLS0K\n    server: https://146.148.9.185\n  name: learnk8s-cluster-prod\ncontexts:\n- context:\n    cluster: learnk8s-cluster-prod\n    user: learnk8s-cluster-prod\n  name: learnk8s-cluster-prod\ncurrent-context: learnk8s-cluster-prod\nkind: Config\npreferences: {}\nusers:\n- name: learnk8s-cluster-prod\n  user:\n    token: ya29.a0ARrdaM8ZEC5zdjyNJmw1PkZ_0ypomNPDX36mItdtX2PXyLNj-QeouOVBr1X6_Wi-I96cG_5tpYf0KZEDl52qCjR2ch391BzQ1wSMPiqXPAgJLSflGO7Orz4vIR5E_ZvQIoPZNDGXZQqg_2m_9Kkxz1vm2G_-\n",
            "content_base64": null,
            "directory_permission": "0777",
            "file_permission": "0777",
            "filename": "kubeconfig-prod",
            "id": "f044db5c33bf282cbb101244b4ed463ec568a3c3",
            "sensitive_content": null,
            "source": null
          },
          "sensitive_attributes": [
            [
              {
                "type": "get_attr",
                "value": "content"
              }
            ]
          ],
          "private": "bnVsbA==",
          "dependencies": [
            "module.gcp-network.module.subnets.google_compute_subnetwork.subnetwork",
            "module.gcp-network.module.vpc.google_compute_network.network",
            "module.gke.data.google_compute_subnetwork.gke_subnetwork",
            "module.gke.data.google_compute_zones.available",
            "module.gke.data.google_container_engine_versions.region",
            "module.gke.data.google_container_engine_versions.zone",
            "module.gke.google_compute_firewall.intra_egress",
            "module.gke.google_compute_firewall.master_webhooks",
            "module.gke.google_compute_firewall.shadow_allow_master",
            "module.gke.google_compute_firewall.shadow_allow_nodes",
            "module.gke.google_compute_firewall.shadow_allow_pods",
            "module.gke.google_container_cluster.primary",
            "module.gke.google_container_node_pool.pools",
            "module.gke.google_project_iam_member.cluster_service_account-artifact-registry",
            "module.gke.google_project_iam_member.cluster_service_account-gcr",
            "module.gke.google_project_iam_member.cluster_service_account-log_writer",
            "module.gke.google_project_iam_member.cluster_service_account-metric_writer",
            "module.gke.google_project_iam_member.cluster_service_account-monitoring_viewer",
            "module.gke.google_project_iam_member.cluster_service_account-resourceMetadata-writer",
            "module.gke.google_service_account.cluster_service_account",
            "module.gke.kubernetes_config_map.ip-masq-agent",
            "module.gke.kubernetes_config_map.kube-dns",
            "module.gke.kubernetes_config_map.kube-dns-upstream-nameservers-and-stub-domains",
            "module.gke.kubernetes_config_map.kube-dns-upstream-namservers",
            "module.gke.module.gcloud_delete_default_kube_dns_configmap.module.gcloud_kubectl.data.external.env_override",
            "module.gke.module.gcloud_delete_default_kube_dns_configmap.module.gcloud_kubectl.null_resource.additional_components",
            "module.gke.module.gcloud_delete_default_kube_dns_configmap.module.gcloud_kubectl.null_resource.additional_components_destroy",
            "module.gke.module.gcloud_delete_default_kube_dns_configmap.module.gcloud_kubectl.null_resource.decompress",
            "module.gke.module.gcloud_delete_default_kube_dns_configmap.module.gcloud_kubectl.null_resource.decompress_destroy",
            "module.gke.module.gcloud_delete_default_kube_dns_configmap.module.gcloud_kubectl.null_resource.download_gcloud",
            "module.gke.module.gcloud_delete_default_kube_dns_configmap.module.gcloud_kubectl.null_resource.download_jq",
            "module.gke.module.gcloud_delete_default_kube_dns_configmap.module.gcloud_kubectl.null_resource.gcloud_auth_google_credentials",
            "module.gke.module.gcloud_delete_default_kube_dns_configmap.module.gcloud_kubectl.null_resource.gcloud_auth_google_credentials_destroy",
            "module.gke.module.gcloud_delete_default_kube_dns_configmap.module.gcloud_kubectl.null_resource.gcloud_auth_service_account_key_file",
            "module.gke.module.gcloud_delete_default_kube_dns_configmap.module.gcloud_kubectl.null_resource.gcloud_auth_service_account_key_file_destroy",
            "module.gke.module.gcloud_delete_default_kube_dns_configmap.module.gcloud_kubectl.null_resource.module_depends_on",
            "module.gke.module.gcloud_delete_default_kube_dns_configmap.module.gcloud_kubectl.null_resource.prepare_cache",
            "module.gke.module.gcloud_delete_default_kube_dns_configmap.module.gcloud_kubectl.null_resource.run_command",
            "module.gke.module.gcloud_delete_default_kube_dns_configmap.module.gcloud_kubectl.null_resource.run_destroy_command",
            "module.gke.module.gcloud_delete_default_kube_dns_configmap.module.gcloud_kubectl.null_resource.upgrade",
            "module.gke.module.gcloud_delete_default_kube_dns_configmap.module.gcloud_kubectl.null_resource.upgrade_destroy",
            "module.gke.module.gcloud_delete_default_kube_dns_configmap.module.gcloud_kubectl.random_id.cache",
            "module.gke.random_shuffle.available_zones",
            "module.gke.random_string.cluster_service_account_suffix",
            "module.gke_auth.data.google_client_config.provider",
            "module.gke_auth.data.google_container_cluster.gke_cluster",
            "module.gke_auth.data.template_file.kubeconfig"
          ]
        }
      ]
    },
    {
      "module": "module.gcp-network.module.subnets",
      "mode": "managed",
      "type": "google_compute_subnetwork",
      "name": "subnetwork",
      "provider": "provider[\"registry.terraform.io/hashicorp/google\"]",
      "instances": [
        {
          "index_key": "europe-west1/gke-subnet-prod",
          "schema_version": 0,
          "attributes": {
            "creation_timestamp": "2021-10-19T14:34:45.047-07:00",
            "description": "",
            "fingerprint": null,
            "gateway_address": "10.10.0.1",
            "id": "projects/work-examples/regions/europe-west1/subnetworks/gke-subnet-prod",
            "ip_cidr_range": "10.10.0.0/16",
            "log_config": [],
            "name": "gke-subnet-prod",
            "network": "https://www.googleapis.com/compute/v1/projects/work-examples/global/networks/gke-network-prod",
            "private_ip_google_access": false,
            "project": "work-examples",
            "region": "europe-west1",
            "secondary_ip_range": [
              {
                "ip_cidr_range": "10.20.0.0/16",
                "range_name": "ip-range-pods"
              },
              {
                "ip_cidr_range": "10.30.0.0/16",
                "range_name": "ip-range-services"
              }
            ],
            "self_link": "https://www.googleapis.com/compute/v1/projects/work-examples/regions/europe-west1/subnetworks/gke-subnet-prod",
            "timeouts": null
          },
          "sensitive_attributes": [],
          "private": "eyJlMmJmYjczMC1lY2FhLTExZTYtOGY4OC0zNDM2M2JjN2M0YzAiOnsiY3JlYXRlIjozNjAwMDAwMDAwMDAsImRlbGV0ZSI6MzYwMDAwMDAwMDAwLCJ1cGRhdGUiOjM2MDAwMDAwMDAwMH19",
          "dependencies": [
            "module.gcp-network.module.vpc.google_compute_network.network"
          ]
        }
      ]
    },
    {
      "module": "module.gcp-network.module.vpc",
      "mode": "managed",
      "type": "google_compute_network",
      "name": "network",
      "provider": "provider[\"registry.terraform.io/hashicorp/google\"]",
      "instances": [
        {
          "schema_version": 0,
          "attributes": {
            "auto_create_subnetworks": false,
            "delete_default_routes_on_create": false,
            "description": "",
            "gateway_ipv4": "",
            "id": "projects/work-examples/global/networks/gke-network-prod",
            "name": "gke-network-prod",
            "project": "work-examples",
            "routing_mode": "GLOBAL",
            "self_link": "https://www.googleapis.com/compute/v1/projects/work-examples/global/networks/gke-network-prod",
            "timeouts": null
          },
          "sensitive_attributes": [],
          "private": "eyJlMmJmYjczMC1lY2FhLTExZTYtOGY4OC0zNDM2M2JjN2M0YzAiOnsiY3JlYXRlIjoyNDAwMDAwMDAwMDAsImRlbGV0ZSI6MjQwMDAwMDAwMDAwLCJ1cGRhdGUiOjI0MDAwMDAwMDAwMH19"
        }
      ]
    },
    {
      "module": "module.gke",
      "mode": "data",
      "type": "google_compute_zones",
      "name": "available",
      "provider": "provider[\"registry.terraform.io/hashicorp/google\"]",
      "instances": [
        {
          "schema_version": 0,
          "attributes": {
            "id": "projects/work-examples/regions/europe-west1",
            "names": [
              "europe-west1-b",
              "europe-west1-c",
              "europe-west1-d"
            ],
            "project": "work-examples",
            "region": "europe-west1",
            "status": null
          },
          "sensitive_attributes": []
        }
      ]
    },
    {
      "module": "module.gke",
      "mode": "data",
      "type": "google_container_engine_versions",
      "name": "region",
      "provider": "provider[\"registry.terraform.io/hashicorp/google\"]",
      "instances": [
        {
          "schema_version": 0,
          "attributes": {
            "default_cluster_version": "1.20.10-gke.301",
            "id": "2021-10-19 21:34:18.215676541 +0000 UTC",
            "latest_master_version": "1.21.4-gke.2300",
            "latest_node_version": "1.21.4-gke.2300",
            "location": "europe-west1",
            "project": "work-examples",
            "release_channel_default_version": {
              "RAPID": "1.21.4-gke.1801",
              "REGULAR": "1.20.10-gke.301",
              "STABLE": "1.19.13-gke.1200"
            },
            "valid_master_versions": [
              "1.21.4-gke.2300",
              "1.21.3-gke.2001",
              "1.20.10-gke.2100",
              "1.20.10-gke.1600",
              "1.20.10-gke.301",
              "1.20.9-gke.2100",
              "1.20.9-gke.1001",
              "1.19.15-gke.500",
              "1.19.14-gke.2300",
              "1.19.14-gke.1900",
              "1.19.14-gke.301",
              "1.19.13-gke.1900",
              "1.19.13-gke.1200",
              "1.19.13-gke.701"
            ],
            "valid_node_versions": [
              "1.21.4-gke.2300",
              "1.21.3-gke.2001",
              "1.20.10-gke.2100",
              "1.20.10-gke.1600",
              "1.20.10-gke.301",
              "1.20.9-gke.2100",
              "1.20.9-gke.1001",
              "1.20.9-gke.1000",
              "1.20.9-gke.701",
              "1.20.9-gke.700",
              "1.20.8-gke.2101",
              "1.20.8-gke.2100",
              "1.20.8-gke.900",
              "1.20.8-gke.700",
              "1.20.7-gke.2200",
              "1.20.7-gke.1800",
              "1.20.6-gke.1400",
              "1.20.6-gke.1000",
              "1.19.15-gke.500",
              "1.19.14-gke.2300",
              "1.19.14-gke.1900",
              "1.19.14-gke.301",
              "1.19.14-gke.300",
              "1.19.13-gke.1900",
              "1.19.13-gke.1200",
              "1.19.13-gke.701",
              "1.19.13-gke.700",
              "1.19.12-gke.2101",
              "1.19.12-gke.2100",
              "1.19.12-gke.1100",
              "1.19.12-gke.900",
              "1.19.12-gke.700",
              "1.19.11-gke.2101",
              "1.19.11-gke.2100",
              "1.19.11-gke.1701",
              "1.19.11-gke.1700",
              "1.19.10-gke.1701",
              "1.19.10-gke.1700",
              "1.19.10-gke.1601",
              "1.19.10-gke.1600",
              "1.19.10-gke.1001",
              "1.19.10-gke.1000",
              "1.19.9-gke.1900",
              "1.19.9-gke.1400",
              "1.19.9-gke.700",
              "1.19.9-gke.100",
              "1.19.8-gke.2000",
              "1.19.8-gke.1600",
              "1.19.8-gke.1000",
              "1.19.7-gke.2503",
              "1.19.7-gke.1500",
              "1.19.7-gke.1302",
              "1.19.7-gke.800",
              "1.19.6-gke.1700",
              "1.19.6-gke.1100",
              "1.19.6-gke.600",
              "1.18.20-gke.6000",
              "1.18.20-gke.4501",
              "1.18.20-gke.4500",
              "1.18.20-gke.4100",
              "1.18.20-gke.3300",
              "1.18.20-gke.3001",
              "1.18.20-gke.3000",
              "1.18.20-gke.2300",
              "1.18.20-gke.901",
              "1.18.20-gke.900",
              "1.18.20-gke.501",
              "1.18.19-gke.2101",
              "1.18.19-gke.2100",
              "1.18.19-gke.1701",
              "1.18.19-gke.1700",
              "1.18.18-gke.1701",
              "1.18.18-gke.1700",
              "1.18.18-gke.1101",
              "1.18.18-gke.1100",
              "1.18.17-gke.1901",
              "1.18.17-gke.1900",
              "1.18.17-gke.1201",
              "1.18.17-gke.1200",
              "1.18.17-gke.700",
              "1.18.17-gke.100",
              "1.18.16-gke.2100",
              "1.18.16-gke.1201",
              "1.18.16-gke.1200",
              "1.18.16-gke.502",
              "1.18.16-gke.500",
              "1.18.16-gke.302",
              "1.18.16-gke.300",
              "1.18.15-gke.2500",
              "1.18.15-gke.1502",
              "1.18.15-gke.1501",
              "1.18.15-gke.1500",
              "1.18.15-gke.1102",
              "1.18.15-gke.1100",
              "1.18.15-gke.800",
              "1.18.14-gke.1600",
              "1.18.14-gke.1200",
              "1.18.12-gke.1210",
              "1.18.12-gke.1206",
              "1.18.12-gke.1205",
              "1.18.12-gke.1201",
              "1.18.12-gke.1200",
              "1.18.12-gke.300",
              "1.18.10-gke.2701",
              "1.18.10-gke.2101",
              "1.18.10-gke.1500",
              "1.18.10-gke.601",
              "1.18.9-gke.2501",
              "1.18.9-gke.1501",
              "1.18.9-gke.801",
              "1.18.6-gke.4801",
              "1.18.6-gke.3504",
              "1.18.6-gke.3503",
              "1.17.17-gke.9100",
              "1.17.17-gke.8500",
              "1.17.17-gke.8200",
              "1.17.17-gke.7800",
              "1.17.17-gke.7200",
              "1.17.17-gke.6700",
              "1.17.17-gke.6000",
              "1.17.17-gke.5400",
              "1.17.17-gke.4900",
              "1.17.17-gke.4400",
              "1.17.17-gke.3700",
              "1.17.17-gke.3000",
              "1.17.17-gke.2800",
              "1.17.17-gke.2500",
              "1.17.17-gke.1500",
              "1.17.17-gke.1101",
              "1.17.17-gke.1100",
              "1.17.17-gke.600",
              "1.17.16-gke.1600",
              "1.17.16-gke.1300",
              "1.17.15-gke.800",
              "1.17.15-gke.300",
              "1.17.14-gke.1600",
              "1.17.14-gke.1200",
              "1.17.14-gke.400",
              "1.17.13-gke.2600",
              "1.17.13-gke.2001",
              "1.17.13-gke.1401",
              "1.17.13-gke.1400",
              "1.17.13-gke.600",
              "1.17.12-gke.2502",
              "1.17.12-gke.1504",
              "1.17.12-gke.1501",
              "1.17.12-gke.500",
              "1.17.9-gke.6300",
              "1.17.9-gke.1504",
              "1.16.15-gke.14800",
              "1.16.15-gke.12500",
              "1.16.15-gke.11800",
              "1.16.15-gke.10600",
              "1.16.15-gke.7801",
              "1.16.15-gke.7800",
              "1.16.15-gke.7300",
              "1.16.15-gke.6900",
              "1.16.15-gke.6000",
              "1.16.15-gke.5500",
              "1.16.15-gke.4901",
              "1.16.15-gke.4301",
              "1.16.15-gke.4300",
              "1.16.15-gke.3500",
              "1.16.15-gke.2601",
              "1.16.15-gke.1600",
              "1.16.15-gke.500",
              "1.16.13-gke.404",
              "1.16.13-gke.403",
              "1.16.13-gke.401",
              "1.16.13-gke.400",
              "1.16.13-gke.1",
              "1.16.11-gke.5",
              "1.16.10-gke.8",
              "1.16.9-gke.6",
              "1.16.9-gke.2",
              "1.16.8-gke.15",
              "1.16.8-gke.12",
              "1.16.8-gke.9",
              "1.15.12-gke.6002",
              "1.15.12-gke.6001",
              "1.15.12-gke.5000",
              "1.15.12-gke.4002",
              "1.15.12-gke.4000",
              "1.15.12-gke.20",
              "1.15.12-gke.17",
              "1.15.12-gke.16",
              "1.15.12-gke.13",
              "1.15.12-gke.9",
              "1.15.12-gke.6",
              "1.15.12-gke.3",
              "1.15.12-gke.2",
              "1.15.11-gke.17",
              "1.15.11-gke.15",
              "1.15.11-gke.13",
              "1.15.11-gke.12",
              "1.15.11-gke.11",
              "1.15.11-gke.9",
              "1.15.11-gke.5",
              "1.15.11-gke.3",
              "1.15.11-gke.1",
              "1.15.9-gke.26",
              "1.15.9-gke.24",
              "1.15.9-gke.22",
              "1.15.9-gke.12",
              "1.15.9-gke.9",
              "1.15.9-gke.8",
              "1.15.8-gke.3",
              "1.15.8-gke.2",
              "1.15.7-gke.23",
              "1.15.7-gke.2",
              "1.15.4-gke.22",
              "1.14.10-gke.1504",
              "1.14.10-gke.902",
              "1.14.10-gke.50",
              "1.14.10-gke.46",
              "1.14.10-gke.45",
              "1.14.10-gke.42",
              "1.14.10-gke.41",
              "1.14.10-gke.40",
              "1.14.10-gke.37",
              "1.14.10-gke.36",
              "1.14.10-gke.34",
              "1.14.10-gke.32",
              "1.14.10-gke.31",
              "1.14.10-gke.27",
              "1.14.10-gke.24",
              "1.14.10-gke.22",
              "1.14.10-gke.21",
              "1.14.10-gke.17",
              "1.14.10-gke.0",
              "1.14.9-gke.23",
              "1.14.9-gke.2",
              "1.14.9-gke.0",
              "1.14.8-gke.33",
              "1.14.8-gke.21",
              "1.14.8-gke.18",
              "1.14.8-gke.17",
              "1.14.8-gke.14",
              "1.14.8-gke.12",
              "1.14.8-gke.7",
              "1.14.8-gke.2",
              "1.14.7-gke.40",
              "1.14.7-gke.25",
              "1.14.7-gke.23",
              "1.14.7-gke.17",
              "1.14.7-gke.14",
              "1.14.7-gke.10",
              "1.14.6-gke.13",
              "1.14.6-gke.2",
              "1.14.6-gke.1",
              "1.14.3-gke.11",
              "1.14.3-gke.10",
              "1.14.3-gke.9",
              "1.14.2-gke.9",
              "1.14.1-gke.5",
              "1.13.12-gke.30",
              "1.13.12-gke.25",
              "1.13.12-gke.17",
              "1.13.12-gke.16",
              "1.13.12-gke.14",
              "1.13.12-gke.13",
              "1.13.12-gke.10",
              "1.13.12-gke.8",
              "1.13.12-gke.4",
              "1.13.12-gke.2",
              "1.13.11-gke.23",
              "1.13.11-gke.15",
              "1.13.11-gke.14",
              "1.13.11-gke.12",
              "1.13.11-gke.11",
              "1.13.11-gke.9",
              "1.13.11-gke.5",
              "1.13.10-gke.7",
              "1.13.10-gke.0",
              "1.13.9-gke.11",
              "1.13.9-gke.3",
              "1.13.7-gke.24",
              "1.13.7-gke.19",
              "1.13.7-gke.15",
              "1.13.7-gke.8",
              "1.13.7-gke.0",
              "1.13.6-gke.13",
              "1.13.6-gke.6",
              "1.13.6-gke.5",
              "1.13.6-gke.0",
              "1.13.5-gke.10",
              "1.12.10-gke.22",
              "1.12.10-gke.20",
              "1.12.10-gke.19",
              "1.12.10-gke.18",
              "1.12.10-gke.17",
              "1.12.10-gke.15",
              "1.12.10-gke.13",
              "1.12.10-gke.11",
              "1.12.10-gke.5",
              "1.12.9-gke.16",
              "1.12.9-gke.15",
              "1.12.9-gke.13",
              "1.12.9-gke.10",
              "1.12.9-gke.7",
              "1.12.9-gke.3",
              "1.12.8-gke.12",
              "1.12.8-gke.10",
              "1.12.8-gke.7",
              "1.12.8-gke.6",
              "1.12.7-gke.26",
              "1.12.7-gke.25",
              "1.12.7-gke.24",
              "1.12.7-gke.22",
              "1.12.7-gke.21",
              "1.12.7-gke.17",
              "1.12.7-gke.10",
              "1.12.7-gke.7",
              "1.12.6-gke.11",
              "1.12.6-gke.10",
              "1.12.6-gke.7",
              "1.12.5-gke.10",
              "1.12.5-gke.5",
              "1.11.10-gke.6",
              "1.11.10-gke.5"
            ],
            "version_prefix": null
          },
          "sensitive_attributes": []
        }
      ]
    },
    {
      "module": "module.gke",
      "mode": "data",
      "type": "google_container_engine_versions",
      "name": "zone",
      "provider": "provider[\"registry.terraform.io/hashicorp/google\"]",
      "instances": [
        {
          "schema_version": 0,
          "attributes": {
            "default_cluster_version": "1.20.10-gke.301",
            "id": "2021-10-19 21:34:23.381242677 +0000 UTC",
            "latest_master_version": "1.21.4-gke.2300",
            "latest_node_version": "1.21.4-gke.2300",
            "location": "europe-west1-b",
            "project": "work-examples",
            "release_channel_default_version": {
              "RAPID": "1.21.4-gke.1801",
              "REGULAR": "1.20.10-gke.301",
              "STABLE": "1.19.13-gke.1200"
            },
            "valid_master_versions": [
              "1.21.4-gke.2300",
              "1.21.3-gke.2001",
              "1.20.10-gke.2100",
              "1.20.10-gke.1600",
              "1.20.10-gke.301",
              "1.20.9-gke.2100",
              "1.20.9-gke.1001",
              "1.19.15-gke.500",
              "1.19.14-gke.2300",
              "1.19.14-gke.1900",
              "1.19.14-gke.301",
              "1.19.13-gke.1900",
              "1.19.13-gke.1200",
              "1.19.13-gke.701"
            ],
            "valid_node_versions": [
              "1.21.4-gke.2300",
              "1.21.3-gke.2001",
              "1.20.10-gke.2100",
              "1.20.10-gke.1600",
              "1.20.10-gke.301",
              "1.20.9-gke.2100",
              "1.20.9-gke.1001",
              "1.20.9-gke.1000",
              "1.20.9-gke.701",
              "1.20.9-gke.700",
              "1.20.8-gke.2101",
              "1.20.8-gke.2100",
              "1.20.8-gke.900",
              "1.20.8-gke.700",
              "1.20.7-gke.2200",
              "1.20.7-gke.1800",
              "1.20.6-gke.1400",
              "1.20.6-gke.1000",
              "1.19.15-gke.500",
              "1.19.14-gke.2300",
              "1.19.14-gke.1900",
              "1.19.14-gke.301",
              "1.19.14-gke.300",
              "1.19.13-gke.1900",
              "1.19.13-gke.1200",
              "1.19.13-gke.701",
              "1.19.13-gke.700",
              "1.19.12-gke.2101",
              "1.19.12-gke.2100",
              "1.19.12-gke.1100",
              "1.19.12-gke.900",
              "1.19.12-gke.700",
              "1.19.11-gke.2101",
              "1.19.11-gke.2100",
              "1.19.11-gke.1701",
              "1.19.11-gke.1700",
              "1.19.10-gke.1701",
              "1.19.10-gke.1700",
              "1.19.10-gke.1601",
              "1.19.10-gke.1600",
              "1.19.10-gke.1001",
              "1.19.10-gke.1000",
              "1.19.9-gke.1900",
              "1.19.9-gke.1400",
              "1.19.9-gke.700",
              "1.19.9-gke.100",
              "1.19.8-gke.2000",
              "1.19.8-gke.1600",
              "1.19.8-gke.1000",
              "1.19.7-gke.2503",
              "1.19.7-gke.1500",
              "1.19.7-gke.1302",
              "1.19.7-gke.800",
              "1.19.6-gke.1700",
              "1.19.6-gke.1100",
              "1.19.6-gke.600",
              "1.18.20-gke.6000",
              "1.18.20-gke.4501",
              "1.18.20-gke.4500",
              "1.18.20-gke.4100",
              "1.18.20-gke.3300",
              "1.18.20-gke.3001",
              "1.18.20-gke.3000",
              "1.18.20-gke.2300",
              "1.18.20-gke.901",
              "1.18.20-gke.900",
              "1.18.20-gke.501",
              "1.18.19-gke.2101",
              "1.18.19-gke.2100",
              "1.18.19-gke.1701",
              "1.18.19-gke.1700",
              "1.18.18-gke.1701",
              "1.18.18-gke.1700",
              "1.18.18-gke.1101",
              "1.18.18-gke.1100",
              "1.18.17-gke.1901",
              "1.18.17-gke.1900",
              "1.18.17-gke.1201",
              "1.18.17-gke.1200",
              "1.18.17-gke.700",
              "1.18.17-gke.100",
              "1.18.16-gke.2100",
              "1.18.16-gke.1201",
              "1.18.16-gke.1200",
              "1.18.16-gke.502",
              "1.18.16-gke.500",
              "1.18.16-gke.302",
              "1.18.16-gke.300",
              "1.18.15-gke.2500",
              "1.18.15-gke.1502",
              "1.18.15-gke.1501",
              "1.18.15-gke.1500",
              "1.18.15-gke.1102",
              "1.18.15-gke.1100",
              "1.18.15-gke.800",
              "1.18.14-gke.1600",
              "1.18.14-gke.1200",
              "1.18.12-gke.1210",
              "1.18.12-gke.1206",
              "1.18.12-gke.1205",
              "1.18.12-gke.1201",
              "1.18.12-gke.1200",
              "1.18.12-gke.300",
              "1.18.10-gke.2701",
              "1.18.10-gke.2101",
              "1.18.10-gke.1500",
              "1.18.10-gke.601",
              "1.18.9-gke.2501",
              "1.18.9-gke.1501",
              "1.18.9-gke.801",
              "1.18.6-gke.4801",
              "1.18.6-gke.3504",
              "1.18.6-gke.3503",
              "1.17.17-gke.9100",
              "1.17.17-gke.8500",
              "1.17.17-gke.8200",
              "1.17.17-gke.7800",
              "1.17.17-gke.7200",
              "1.17.17-gke.6700",
              "1.17.17-gke.6000",
              "1.17.17-gke.5400",
              "1.17.17-gke.4900",
              "1.17.17-gke.4400",
              "1.17.17-gke.3700",
              "1.17.17-gke.3000",
              "1.17.17-gke.2800",
              "1.17.17-gke.2500",
              "1.17.17-gke.1500",
              "1.17.17-gke.1101",
              "1.17.17-gke.1100",
              "1.17.17-gke.600",
              "1.17.16-gke.1600",
              "1.17.16-gke.1300",
              "1.17.15-gke.800",
              "1.17.15-gke.300",
              "1.17.14-gke.1600",
              "1.17.14-gke.1200",
              "1.17.14-gke.400",
              "1.17.13-gke.2600",
              "1.17.13-gke.2001",
              "1.17.13-gke.1401",
              "1.17.13-gke.1400",
              "1.17.13-gke.600",
              "1.17.12-gke.2502",
              "1.17.12-gke.1504",
              "1.17.12-gke.1501",
              "1.17.12-gke.500",
              "1.17.9-gke.6300",
              "1.17.9-gke.1504",
              "1.16.15-gke.14800",
              "1.16.15-gke.12500",
              "1.16.15-gke.11800",
              "1.16.15-gke.10600",
              "1.16.15-gke.7801",
              "1.16.15-gke.7800",
              "1.16.15-gke.7300",
              "1.16.15-gke.6900",
              "1.16.15-gke.6000",
              "1.16.15-gke.5500",
              "1.16.15-gke.4901",
              "1.16.15-gke.4301",
              "1.16.15-gke.4300",
              "1.16.15-gke.3500",
              "1.16.15-gke.2601",
              "1.16.15-gke.1600",
              "1.16.15-gke.500",
              "1.16.13-gke.404",
              "1.16.13-gke.403",
              "1.16.13-gke.401",
              "1.16.13-gke.400",
              "1.16.13-gke.1",
              "1.16.11-gke.5",
              "1.16.10-gke.8",
              "1.16.9-gke.6",
              "1.16.9-gke.2",
              "1.16.8-gke.15",
              "1.16.8-gke.12",
              "1.16.8-gke.9",
              "1.15.12-gke.6002",
              "1.15.12-gke.6001",
              "1.15.12-gke.5000",
              "1.15.12-gke.4002",
              "1.15.12-gke.4000",
              "1.15.12-gke.20",
              "1.15.12-gke.17",
              "1.15.12-gke.16",
              "1.15.12-gke.13",
              "1.15.12-gke.9",
              "1.15.12-gke.6",
              "1.15.12-gke.3",
              "1.15.12-gke.2",
              "1.15.11-gke.17",
              "1.15.11-gke.15",
              "1.15.11-gke.13",
              "1.15.11-gke.12",
              "1.15.11-gke.11",
              "1.15.11-gke.9",
              "1.15.11-gke.5",
              "1.15.11-gke.3",
              "1.15.11-gke.1",
              "1.15.9-gke.26",
              "1.15.9-gke.24",
              "1.15.9-gke.22",
              "1.15.9-gke.12",
              "1.15.9-gke.9",
              "1.15.9-gke.8",
              "1.15.8-gke.3",
              "1.15.8-gke.2",
              "1.15.7-gke.23",
              "1.15.7-gke.2",
              "1.15.4-gke.22",
              "1.14.10-gke.1504",
              "1.14.10-gke.902",
              "1.14.10-gke.50",
              "1.14.10-gke.46",
              "1.14.10-gke.45",
              "1.14.10-gke.42",
              "1.14.10-gke.41",
              "1.14.10-gke.40",
              "1.14.10-gke.37",
              "1.14.10-gke.36",
              "1.14.10-gke.34",
              "1.14.10-gke.32",
              "1.14.10-gke.31",
              "1.14.10-gke.27",
              "1.14.10-gke.24",
              "1.14.10-gke.22",
              "1.14.10-gke.21",
              "1.14.10-gke.17",
              "1.14.10-gke.0",
              "1.14.9-gke.23",
              "1.14.9-gke.2",
              "1.14.9-gke.0",
              "1.14.8-gke.33",
              "1.14.8-gke.21",
              "1.14.8-gke.18",
              "1.14.8-gke.17",
              "1.14.8-gke.14",
              "1.14.8-gke.12",
              "1.14.8-gke.7",
              "1.14.8-gke.2",
              "1.14.7-gke.40",
              "1.14.7-gke.25",
              "1.14.7-gke.23",
              "1.14.7-gke.17",
              "1.14.7-gke.14",
              "1.14.7-gke.10",
              "1.14.6-gke.13",
              "1.14.6-gke.2",
              "1.14.6-gke.1",
              "1.14.3-gke.11",
              "1.14.3-gke.10",
              "1.14.3-gke.9",
              "1.14.2-gke.9",
              "1.14.1-gke.5",
              "1.13.12-gke.30",
              "1.13.12-gke.25",
              "1.13.12-gke.17",
              "1.13.12-gke.16",
              "1.13.12-gke.14",
              "1.13.12-gke.13",
              "1.13.12-gke.10",
              "1.13.12-gke.8",
              "1.13.12-gke.4",
              "1.13.12-gke.2",
              "1.13.11-gke.23",
              "1.13.11-gke.15",
              "1.13.11-gke.14",
              "1.13.11-gke.12",
              "1.13.11-gke.11",
              "1.13.11-gke.9",
              "1.13.11-gke.5",
              "1.13.10-gke.7",
              "1.13.10-gke.0",
              "1.13.9-gke.11",
              "1.13.9-gke.3",
              "1.13.7-gke.24",
              "1.13.7-gke.19",
              "1.13.7-gke.15",
              "1.13.7-gke.8",
              "1.13.7-gke.0",
              "1.13.6-gke.13",
              "1.13.6-gke.6",
              "1.13.6-gke.5",
              "1.13.6-gke.0",
              "1.13.5-gke.10",
              "1.12.10-gke.22",
              "1.12.10-gke.20",
              "1.12.10-gke.19",
              "1.12.10-gke.18",
              "1.12.10-gke.17",
              "1.12.10-gke.15",
              "1.12.10-gke.13",
              "1.12.10-gke.11",
              "1.12.10-gke.5",
              "1.12.9-gke.16",
              "1.12.9-gke.15",
              "1.12.9-gke.13",
              "1.12.9-gke.10",
              "1.12.9-gke.7",
              "1.12.9-gke.3",
              "1.12.8-gke.12",
              "1.12.8-gke.10",
              "1.12.8-gke.7",
              "1.12.8-gke.6",
              "1.12.7-gke.26",
              "1.12.7-gke.25",
              "1.12.7-gke.24",
              "1.12.7-gke.22",
              "1.12.7-gke.21",
              "1.12.7-gke.17",
              "1.12.7-gke.10",
              "1.12.7-gke.7",
              "1.12.6-gke.11",
              "1.12.6-gke.10",
              "1.12.6-gke.7",
              "1.12.5-gke.10",
              "1.12.5-gke.5",
              "1.11.10-gke.6",
              "1.11.10-gke.5"
            ],
            "version_prefix": null
          },
          "sensitive_attributes": []
        }
      ]
    },
    {
      "module": "module.gke",
      "mode": "managed",
      "type": "google_container_cluster",
      "name": "primary",
      "provider": "provider[\"registry.terraform.io/hashicorp/google\"]",
      "instances": [
        {
          "schema_version": 1,
          "attributes": {
            "addons_config": [
              {
                "cloudrun_config": [],
                "horizontal_pod_autoscaling": [
                  {
                    "disabled": false
                  }
                ],
                "http_load_balancing": [
                  {
                    "disabled": false
                  }
                ],
                "network_policy_config": [
                  {
                    "disabled": true
                  }
                ]
              }
            ],
            "authenticator_groups_config": [],
            "cluster_autoscaling": [
              {
                "auto_provisioning_defaults": [],
                "enabled": false,
                "resource_limits": []
              }
            ],
            "cluster_ipv4_cidr": "10.20.0.0/16",
            "database_encryption": [
              {
                "key_name": "",
                "state": "DECRYPTED"
              }
            ],
            "default_max_pods_per_node": 110,
            "description": "",
            "enable_binary_authorization": false,
            "enable_intranode_visibility": null,
            "enable_kubernetes_alpha": false,
            "enable_legacy_abac": false,
            "enable_shielded_nodes": true,
            "enable_tpu": null,
            "endpoint": "146.148.9.185",
            "id": "projects/work-examples/locations/europe-west1/clusters/learnk8s-cluster-prod",
            "initial_node_count": 0,
            "instance_group_urls": [
              "https://www.googleapis.com/compute/v1/projects/work-examples/zones/europe-west1-b/instanceGroups/gke-learnk8s-cluster-pro-default-pool-2b4f55d2-grp",
              "https://www.googleapis.com/compute/v1/projects/work-examples/zones/europe-west1-c/instanceGroups/gke-learnk8s-cluster-pro-default-pool-8b138cb8-grp",
              "https://www.googleapis.com/compute/v1/projects/work-examples/zones/europe-west1-d/instanceGroups/gke-learnk8s-cluster-pro-default-pool-6c5db118-grp"
            ],
            "ip_allocation_policy": [
              {
                "cluster_ipv4_cidr_block": "10.20.0.0/16",
                "cluster_secondary_range_name": "ip-range-pods",
                "services_ipv4_cidr_block": "10.30.0.0/16",
                "services_secondary_range_name": "ip-range-services"
              }
            ],
            "label_fingerprint": "a9dc16a7",
            "location": "europe-west1",
            "logging_service": "logging.googleapis.com/kubernetes",
            "maintenance_policy": [
              {
                "daily_maintenance_window": [
                  {
                    "duration": "PT4H0M0S",
                    "start_time": "05:00"
                  }
                ],
                "recurring_window": []
              }
            ],
            "master_auth": [
              {
                "client_certificate": "",
                "client_certificate_config": [
                  {
                    "issue_client_certificate": false
                  }
                ],
                "client_key": "",
                "cluster_ca_certificate": "LS0tLS1CRUdJTiBDRVJUSUZJQ0FURS0tLS0tCk1JSUVMVENDQXBXZ0F3SUJBZ0lSQUkySXZtUVo0T0ZIZ1NScklkNkRxM013RFFZSktvWklodmNOQVFFTEJRQXcKTHpFdE1Dc0dBMVVFQXhNa05XSTBNMlkzT1dJdE56azROaTAwT1RrNExUa3hPVFF0WkdRNE5XRXlNMk0zWkdVegpNQ0FYRFRJeE1UQXhPVEl3TXpVeU4xb1lEekl3TlRFeE1ERXlNakV6TlRJM1dqQXZNUzB3S3dZRFZRUURFeVExCllqUXpaamM1WWkwM09UZzJMVFE1T1RndE9URTVOQzFrWkRnMVlUSXpZemRrWlRNd2dnR2lNQTBHQ1NxR1NJYjMKRFFFQkFRVUFBNElCandBd2dnR0tBb0lCZ1FDMHNjd1JyVFZCYXhpYVdjdjhZMlk3TGpZdmh1c1lrbnhCa2ZwNgpxbmkxWW1EeGovQ0F4OWhPVm9vR09UYms5eTRNdWlzWEZEWG9iaGlDaTFKbllzUGUxUk5XdG11emdtVkpFMUx3CnV2M256MzlDSldmaWxsZEJlOHlYbUxwb3BCa2hUN2FmQjE2djQ4UmlpUDFDQnRPSU9jRU1YSzJHS2t6a3ZPR1EKQ3RaTDNJOTZoNDUvY1hDRHAxVlJxaE1yRjhFWWp0a1lHME1JN2ZiOVZGbFRCdUVuWVV0anIrbDBReHFVakh0dwozaEcrZ2gyV3QzbEhZS25tTWZqTkdNMU1JNlBlajBEZzlVVmpCTUJZaS82azlVV3NSWXhHWkdSZ2psT2d3NUdHCnFYd2VYMEl6WWVtWlB2NXR0NDdFdTFRRW42ZFBnTTYxSy9WeVV4cTBCTUF5V3BDeDJ6eXhPYmxKSGIrblBQK3gKdGFpd2dxZ1lQV0o1ZmsxWFJ0T0NyNmZkM1FLN242aVVBU2ljR0FMUmVzODZ0WVQ0WDNuV05TRTRhY3NVNUtQQQo2YXdwOGVFejJDVUNvWlZTN2ZQVDVhM1Y4ZnIvNWo0Z3ZCQWg3WW9pWGNab21qazZ0a1AzU0ZhKzBqNm9aZHlxCmN4bDA4NHgzYk5zZzd6TVh3T2NIZUlkWVhDMENBd0VBQWFOQ01FQXdEZ1lEVlIwUEFRSC9CQVFEQWdJRU1BOEcKQTFVZEV3RUIvd1FGTUFNQkFmOHdIUVlEVlIwT0JCWUVGTEFVeFk1TTl4WmhOUC8zeWV1WTdlQlRLSUdNTUEwRwpDU3FHU0liM0RRRUJDd1VBQTRJQmdRQkw1V29TRXJJRGh3K0ZUS3FuWmNiQXlNTkxMcDVMVU1KZjZicmRqU2phCk14bUlKVkp3SWtaekpmRFhhcmpqQTF6MUFCbW1DWVRWNmczb0grR2tzMlVjMVFWSnZzNjhFY3V5U1d3Rjd5VGYKRkxySlpLNHBINDloeXErRytPK09zMmlYZnR0c3liUFdsdStwOW5FOWk4Q1hKd0RIaEE2ZkxiWFN5R1hOTWdEZQpnQ080UGtnTFdkVHdlN0NLRmgyejV5eTVOUzVSV0ZxdUVtaWtBeUhOdEluTGdKUkg1RXNab3htNFVHQi83dEhNCmVlUHlhRmJXVUcxUVZLMkpVV052eWJiMHFUYloyKzRSdStYVzNnTnZDVkJRVWlWT2ExWElTWnZxNndWSUl5V3EKTnFjZzlpM1JocEQvQWhKai81RXBvRWZtQ1NZNDhMYjIyNlFIaDZIVGJMOGZzZkxUNTRPakUwL3FISTNiYStiYgpRbjJIeFNRbFNPekRYcHN4dHRkY09wRUJnbG9zNTRXcG1aVEsrZlFwSlRqb05mL2xObGR0VmlLZ042dk9iMnMrCkhjazJyNUJJdXdBTzVad3RHS2pJVFJWem9sbDBGaGdJT201NTdHMXczSnE2WTFXY3p2VlhraWtIZlU3OE1md3IKaEsxRVB4ZkZhTm0wbHNzS05zdjF0czg9Ci0tLS0tRU5EIENFUlRJRklDQVRFLS0tLS0K",
                "password": "",
                "username": ""
              }
            ],
            "master_authorized_networks_config": [],
            "master_version": "1.21.4-gke.2300",
            "min_master_version": "1.21.4-gke.2300",
            "monitoring_service": "monitoring.googleapis.com/kubernetes",
            "name": "learnk8s-cluster-prod",
            "network": "projects/work-examples/global/networks/gke-network-prod",
            "network_policy": [
              {
                "enabled": false,
                "provider": "PROVIDER_UNSPECIFIED"
              }
            ],
            "node_config": [
              {
                "disk_size_gb": 100,
                "disk_type": "pd-standard",
                "guest_accelerator": [],
                "image_type": "COS_CONTAINERD",
                "labels": {},
                "local_ssd_count": 0,
                "machine_type": "e2-medium",
                "metadata": {
                  "disable-legacy-endpoints": "true"
                },
                "min_cpu_platform": "",
                "oauth_scopes": [
                  "https://www.googleapis.com/auth/logging.write",
                  "https://www.googleapis.com/auth/monitoring"
                ],
                "preemptible": false,
                "service_account": "tf-gke-learnk8s-cluste-k5ig@work-examples.iam.gserviceaccount.com",
                "shielded_instance_config": [
                  {
                    "enable_integrity_monitoring": true,
                    "enable_secure_boot": false
                  }
                ],
                "tags": [],
                "taint": [],
                "workload_metadata_config": [
                  {
                    "node_metadata": "GKE_METADATA_SERVER"
                  }
                ]
              }
            ],
            "node_locations": [
              "europe-west1-b",
              "europe-west1-c",
              "europe-west1-d"
            ],
            "node_pool": [
              {
                "autoscaling": [],
                "initial_node_count": 0,
                "instance_group_urls": [
                  "https://www.googleapis.com/compute/v1/projects/work-examples/zones/europe-west1-b/instanceGroupManagers/gke-learnk8s-cluster-pro-default-pool-2b4f55d2-grp",
                  "https://www.googleapis.com/compute/v1/projects/work-examples/zones/europe-west1-c/instanceGroupManagers/gke-learnk8s-cluster-pro-default-pool-8b138cb8-grp",
                  "https://www.googleapis.com/compute/v1/projects/work-examples/zones/europe-west1-d/instanceGroupManagers/gke-learnk8s-cluster-pro-default-pool-6c5db118-grp"
                ],
                "management": [
                  {
                    "auto_repair": true,
                    "auto_upgrade": true
                  }
                ],
                "max_pods_per_node": 110,
                "name": "default-pool",
                "name_prefix": "",
                "node_config": [
                  {
                    "disk_size_gb": 100,
                    "disk_type": "pd-standard",
                    "guest_accelerator": [],
                    "image_type": "COS_CONTAINERD",
                    "labels": {},
                    "local_ssd_count": 0,
                    "machine_type": "e2-medium",
                    "metadata": {
                      "disable-legacy-endpoints": "true"
                    },
                    "min_cpu_platform": "",
                    "oauth_scopes": [
                      "https://www.googleapis.com/auth/logging.write",
                      "https://www.googleapis.com/auth/monitoring"
                    ],
                    "preemptible": false,
                    "service_account": "tf-gke-learnk8s-cluste-k5ig@work-examples.iam.gserviceaccount.com",
                    "shielded_instance_config": [
                      {
                        "enable_integrity_monitoring": true,
                        "enable_secure_boot": false
                      }
                    ],
                    "tags": null,
                    "taint": [],
                    "workload_metadata_config": [
                      {
                        "node_metadata": "GKE_METADATA_SERVER"
                      }
                    ]
                  }
                ],
                "node_count": 0,
                "node_locations": [
                  "europe-west1-b",
                  "europe-west1-c",
                  "europe-west1-d"
                ],
                "upgrade_settings": [
                  {
                    "max_surge": 1,
                    "max_unavailable": 0
                  }
                ],
                "version": "1.21.4-gke.2300"
              }
            ],
            "node_version": "1.21.4-gke.2300",
            "operation": null,
            "pod_security_policy_config": [],
            "private_cluster_config": [],
            "project": "work-examples",
            "release_channel": [
              {
                "channel": "UNSPECIFIED"
              }
            ],
            "remove_default_node_pool": false,
            "resource_labels": null,
            "resource_usage_export_config": [],
            "self_link": "https://container.googleapis.com/v1beta1/projects/work-examples/locations/europe-west1/clusters/learnk8s-cluster-prod",
            "services_ipv4_cidr": "10.30.0.0/16",
            "subnetwork": "projects/work-examples/regions/europe-west1/subnetworks/gke-subnet-prod",
            "timeouts": {
              "create": "45m",
              "delete": "45m",
              "read": null,
              "update": "45m"
            },
            "vertical_pod_autoscaling": [
              {
                "enabled": false
              }
            ],
            "workload_identity_config": [
              {
                "identity_namespace": "work-examples.svc.id.goog"
              }
            ]
          },
          "sensitive_attributes": [],
          "private": "eyJlMmJmYjczMC1lY2FhLTExZTYtOGY4OC0zNDM2M2JjN2M0YzAiOnsiY3JlYXRlIjoyNzAwMDAwMDAwMDAwLCJkZWxldGUiOjI3MDAwMDAwMDAwMDAsInJlYWQiOjI0MDAwMDAwMDAwMDAsInVwZGF0ZSI6MjcwMDAwMDAwMDAwMH0sInNjaGVtYV92ZXJzaW9uIjoiMSJ9",
          "dependencies": [
            "module.gcp-network.module.subnets.google_compute_subnetwork.subnetwork",
            "module.gcp-network.module.vpc.google_compute_network.network",
            "module.gke.data.google_compute_zones.available",
            "module.gke.data.google_container_engine_versions.region",
            "module.gke.data.google_container_engine_versions.zone",
            "module.gke.google_service_account.cluster_service_account",
            "module.gke.random_shuffle.available_zones",
            "module.gke.random_string.cluster_service_account_suffix"
          ]
        }
      ]
    },
    {
      "module": "module.gke",
      "mode": "managed",
      "type": "google_container_node_pool",
      "name": "pools",
      "provider": "provider[\"registry.terraform.io/hashicorp/google\"]",
      "instances": [
        {
          "index_key": "node-pool",
          "schema_version": 1,
          "attributes": {
            "autoscaling": [
              {
                "max_node_count": 2,
                "min_node_count": 1
              }
            ],
            "cluster": "learnk8s-cluster-prod",
            "id": "projects/work-examples/locations/europe-west1/clusters/learnk8s-cluster-prod/nodePools/node-pool",
            "initial_node_count": 1,
            "instance_group_urls": [
              "https://www.googleapis.com/compute/v1/projects/work-examples/zones/europe-west1-b/instanceGroupManagers/gke-learnk8s-cluster-prod-node-pool-c9561040-grp",
              "https://www.googleapis.com/compute/v1/projects/work-examples/zones/europe-west1-c/instanceGroupManagers/gke-learnk8s-cluster-prod-node-pool-cf855b67-grp",
              "https://www.googleapis.com/compute/v1/projects/work-examples/zones/europe-west1-d/instanceGroupManagers/gke-learnk8s-cluster-prod-node-pool-ba60d704-grp"
            ],
            "location": "europe-west1",
            "management": [
              {
                "auto_repair": true,
                "auto_upgrade": true
              }
            ],
            "max_pods_per_node": 110,
            "name": "node-pool",
            "name_prefix": "",
            "node_config": [
              {
                "disk_size_gb": 30,
                "disk_type": "pd-standard",
                "guest_accelerator": [],
                "image_type": "COS",
                "labels": {
                  "cluster_name": "learnk8s-cluster-prod",
                  "node_pool": "node-pool"
                },
                "local_ssd_count": 0,
                "machine_type": "e2-medium",
                "metadata": {
                  "cluster_name": "learnk8s-cluster-prod",
                  "disable-legacy-endpoints": "true",
                  "node_pool": "node-pool"
                },
                "min_cpu_platform": "",
                "oauth_scopes": [
                  "https://www.googleapis.com/auth/cloud-platform"
                ],
                "preemptible": false,
                "service_account": "tf-gke-learnk8s-cluste-k5ig@work-examples.iam.gserviceaccount.com",
                "shielded_instance_config": [
                  {
                    "enable_integrity_monitoring": true,
                    "enable_secure_boot": false
                  }
                ],
                "tags": [
                  "gke-learnk8s-cluster-prod",
                  "gke-learnk8s-cluster-prod-node-pool"
                ],
                "taint": [],
                "workload_metadata_config": [
                  {
                    "node_metadata": "GKE_METADATA_SERVER"
                  }
                ]
              }
            ],
            "node_count": 1,
            "node_locations": [
              "europe-west1-b",
              "europe-west1-c",
              "europe-west1-d"
            ],
            "project": "work-examples",
            "timeouts": {
              "create": "45m",
              "delete": "45m",
              "update": "45m"
            },
            "upgrade_settings": [
              {
                "max_surge": 1,
                "max_unavailable": 0
              }
            ],
            "version": "1.21.4-gke.2300"
          },
          "sensitive_attributes": [],
          "private": "eyJlMmJmYjczMC1lY2FhLTExZTYtOGY4OC0zNDM2M2JjN2M0YzAiOnsiY3JlYXRlIjoyNzAwMDAwMDAwMDAwLCJkZWxldGUiOjI3MDAwMDAwMDAwMDAsInVwZGF0ZSI6MjcwMDAwMDAwMDAwMH0sInNjaGVtYV92ZXJzaW9uIjoiMSJ9",
          "dependencies": [
            "module.gcp-network.module.subnets.google_compute_subnetwork.subnetwork",
            "module.gcp-network.module.vpc.google_compute_network.network",
            "module.gke.data.google_compute_zones.available",
            "module.gke.data.google_container_engine_versions.region",
            "module.gke.data.google_container_engine_versions.zone",
            "module.gke.google_container_cluster.primary",
            "module.gke.google_service_account.cluster_service_account",
            "module.gke.random_shuffle.available_zones",
            "module.gke.random_string.cluster_service_account_suffix"
          ]
        }
      ]
    },
    {
      "module": "module.gke",
      "mode": "managed",
      "type": "google_project_iam_member",
      "name": "cluster_service_account-log_writer",
      "provider": "provider[\"registry.terraform.io/hashicorp/google\"]",
      "instances": [
        {
          "index_key": 0,
          "schema_version": 0,
          "attributes": {
            "condition": [],
            "etag": "BwXOu25NELI=",
            "id": "work-examples/roles/logging.logWriter/serviceaccount:tf-gke-learnk8s-cluste-k5ig@work-examples.iam.gserviceaccount.com",
            "member": "serviceAccount:tf-gke-learnk8s-cluste-k5ig@work-examples.iam.gserviceaccount.com",
            "project": "work-examples",
            "role": "roles/logging.logWriter"
          },
          "sensitive_attributes": [],
          "private": "bnVsbA==",
          "dependencies": [
            "module.gke.google_service_account.cluster_service_account",
            "module.gke.random_string.cluster_service_account_suffix"
          ]
        }
      ]
    },
    {
      "module": "module.gke",
      "mode": "managed",
      "type": "google_project_iam_member",
      "name": "cluster_service_account-metric_writer",
      "provider": "provider[\"registry.terraform.io/hashicorp/google\"]",
      "instances": [
        {
          "index_key": 0,
          "schema_version": 0,
          "attributes": {
            "condition": [],
            "etag": "BwXOu285vWk=",
            "id": "work-examples/roles/monitoring.metricWriter/serviceaccount:tf-gke-learnk8s-cluste-k5ig@work-examples.iam.gserviceaccount.com",
            "member": "serviceAccount:tf-gke-learnk8s-cluste-k5ig@work-examples.iam.gserviceaccount.com",
            "project": "work-examples",
            "role": "roles/monitoring.metricWriter"
          },
          "sensitive_attributes": [],
          "private": "bnVsbA==",
          "dependencies": [
            "module.gke.google_project_iam_member.cluster_service_account-log_writer",
            "module.gke.google_service_account.cluster_service_account",
            "module.gke.random_string.cluster_service_account_suffix"
          ]
        }
      ]
    },
    {
      "module": "module.gke",
      "mode": "managed",
      "type": "google_project_iam_member",
      "name": "cluster_service_account-monitoring_viewer",
      "provider": "provider[\"registry.terraform.io/hashicorp/google\"]",
      "instances": [
        {
          "index_key": 0,
          "schema_version": 0,
          "attributes": {
            "condition": [],
            "etag": "BwXOu3CmNAw=",
            "id": "work-examples/roles/monitoring.viewer/serviceaccount:tf-gke-learnk8s-cluste-k5ig@work-examples.iam.gserviceaccount.com",
            "member": "serviceAccount:tf-gke-learnk8s-cluste-k5ig@work-examples.iam.gserviceaccount.com",
            "project": "work-examples",
            "role": "roles/monitoring.viewer"
          },
          "sensitive_attributes": [],
          "private": "bnVsbA==",
          "dependencies": [
            "module.gke.google_project_iam_member.cluster_service_account-log_writer",
            "module.gke.google_project_iam_member.cluster_service_account-metric_writer",
            "module.gke.google_service_account.cluster_service_account",
            "module.gke.random_string.cluster_service_account_suffix"
          ]
        }
      ]
    },
    {
      "module": "module.gke",
      "mode": "managed",
      "type": "google_project_iam_member",
      "name": "cluster_service_account-resourceMetadata-writer",
      "provider": "provider[\"registry.terraform.io/hashicorp/google\"]",
      "instances": [
        {
          "index_key": 0,
          "schema_version": 0,
          "attributes": {
            "condition": [],
            "etag": "BwXOu3HwHR4=",
            "id": "work-examples/roles/stackdriver.resourceMetadata.writer/serviceaccount:tf-gke-learnk8s-cluste-k5ig@work-examples.iam.gserviceaccount.com",
            "member": "serviceAccount:tf-gke-learnk8s-cluste-k5ig@work-examples.iam.gserviceaccount.com",
            "project": "work-examples",
            "role": "roles/stackdriver.resourceMetadata.writer"
          },
          "sensitive_attributes": [],
          "private": "bnVsbA==",
          "dependencies": [
            "module.gke.google_project_iam_member.cluster_service_account-log_writer",
            "module.gke.google_project_iam_member.cluster_service_account-metric_writer",
            "module.gke.google_project_iam_member.cluster_service_account-monitoring_viewer",
            "module.gke.google_service_account.cluster_service_account",
            "module.gke.random_string.cluster_service_account_suffix"
          ]
        }
      ]
    },
    {
      "module": "module.gke",
      "mode": "managed",
      "type": "google_service_account",
      "name": "cluster_service_account",
      "provider": "provider[\"registry.terraform.io/hashicorp/google\"]",
      "instances": [
        {
          "index_key": 0,
          "schema_version": 0,
          "attributes": {
            "account_id": "tf-gke-learnk8s-cluste-k5ig",
            "description": "",
            "display_name": "Terraform-managed service account for cluster learnk8s-cluster-prod",
            "email": "tf-gke-learnk8s-cluste-k5ig@work-examples.iam.gserviceaccount.com",
            "id": "projects/work-examples/serviceAccounts/tf-gke-learnk8s-cluste-k5ig@work-examples.iam.gserviceaccount.com",
            "name": "projects/work-examples/serviceAccounts/tf-gke-learnk8s-cluste-k5ig@work-examples.iam.gserviceaccount.com",
            "project": "work-examples",
            "timeouts": null,
            "unique_id": "117465988075442470800"
          },
          "sensitive_attributes": [],
          "private": "eyJlMmJmYjczMC1lY2FhLTExZTYtOGY4OC0zNDM2M2JjN2M0YzAiOnsiY3JlYXRlIjozMDAwMDAwMDAwMDB9fQ==",
          "dependencies": [
            "module.gke.random_string.cluster_service_account_suffix"
          ]
        }
      ]
    },
    {
      "module": "module.gke",
      "mode": "managed",
      "type": "random_shuffle",
      "name": "available_zones",
      "provider": "provider[\"registry.terraform.io/hashicorp/random\"]",
      "instances": [
        {
          "schema_version": 0,
          "attributes": {
            "id": "-",
            "input": [
              "europe-west1-b",
              "europe-west1-c",
              "europe-west1-d"
            ],
            "keepers": null,
            "result": [
              "europe-west1-d",
              "europe-west1-b",
              "europe-west1-c"
            ],
            "result_count": 3,
            "seed": null
          },
          "sensitive_attributes": [],
          "private": "bnVsbA==",
          "dependencies": [
            "module.gke.data.google_compute_zones.available"
          ]
        }
      ]
    },
    {
      "module": "module.gke",
      "mode": "managed",
      "type": "random_string",
      "name": "cluster_service_account_suffix",
      "provider": "provider[\"registry.terraform.io/hashicorp/random\"]",
      "instances": [
        {
          "schema_version": 1,
          "attributes": {
            "id": "k5ig",
            "keepers": null,
            "length": 4,
            "lower": true,
            "min_lower": 0,
            "min_numeric": 0,
            "min_special": 0,
            "min_upper": 0,
            "number": true,
            "override_special": null,
            "result": "k5ig",
            "special": false,
            "upper": false
          },
          "sensitive_attributes": [],
          "private": "eyJzY2hlbWFfdmVyc2lvbiI6IjEifQ=="
        }
      ]
    },
    {
      "module": "module.gke.module.gcloud_delete_default_kube_dns_configmap.module.gcloud_kubectl",
      "mode": "managed",
      "type": "null_resource",
      "name": "module_depends_on",
      "provider": "provider[\"registry.terraform.io/hashicorp/null\"]",
      "instances": [
        {
          "index_key": 0,
          "schema_version": 0,
          "attributes": {
            "id": "7737020338977080785",
            "triggers": {
              "value": "2"
            }
          },
          "sensitive_attributes": [],
          "private": "bnVsbA==",
          "dependencies": [
            "module.gcp-network.module.subnets.google_compute_subnetwork.subnetwork",
            "module.gcp-network.module.vpc.google_compute_network.network",
            "module.gke.data.google_compute_zones.available",
            "module.gke.data.google_container_engine_versions.region",
            "module.gke.data.google_container_engine_versions.zone",
            "module.gke.google_container_cluster.primary",
            "module.gke.google_container_node_pool.pools",
            "module.gke.google_service_account.cluster_service_account",
            "module.gke.random_shuffle.available_zones",
            "module.gke.random_string.cluster_service_account_suffix"
          ]
        }
      ]
    },
    {
      "module": "module.gke_auth",
      "mode": "data",
      "type": "google_client_config",
      "name": "provider",
      "provider": "provider[\"registry.terraform.io/hashicorp/google\"]",
      "instances": [
        {
          "schema_version": 0,
          "attributes": {
            "access_token": "ya29.a0ARrdaM8ZEC5zdjyNJmw1PkZ_0ypomNPDX36mItdtX2PXyLNj-QeouOVBr1X6_Wi-I96cG_5tpYf0KZEDl52qCjR2ch391BzQ1wSMPiqXPAgJLSflGO7Orz4vIR5E_ZvQIoPZNDGXZQqg_2m_9Kkxz1vm2G_-",
            "id": "projects//regions//zones/",
            "project": "",
            "region": "",
            "zone": ""
          },
          "sensitive_attributes": []
        }
      ]
    },
    {
      "module": "module.gke_auth",
      "mode": "data",
      "type": "google_container_cluster",
      "name": "gke_cluster",
      "provider": "provider[\"registry.terraform.io/hashicorp/google\"]",
      "instances": [
        {
          "schema_version": 0,
          "attributes": {
            "addons_config": [
              {
                "cloudrun_config": [],
                "horizontal_pod_autoscaling": [
                  {
                    "disabled": false
                  }
                ],
                "http_load_balancing": [
                  {
                    "disabled": false
                  }
                ],
                "network_policy_config": [
                  {
                    "disabled": true
                  }
                ]
              }
            ],
            "authenticator_groups_config": [],
            "cluster_autoscaling": [
              {
                "auto_provisioning_defaults": [],
                "enabled": false,
                "resource_limits": []
              }
            ],
            "cluster_ipv4_cidr": "10.20.0.0/16",
            "database_encryption": [
              {
                "key_name": "",
                "state": "DECRYPTED"
              }
            ],
            "default_max_pods_per_node": 110,
            "description": "",
            "enable_binary_authorization": false,
            "enable_intranode_visibility": null,
            "enable_kubernetes_alpha": false,
            "enable_legacy_abac": false,
            "enable_shielded_nodes": true,
            "enable_tpu": null,
            "endpoint": "146.148.9.185",
            "id": "projects/work-examples/locations/europe-west1/clusters/learnk8s-cluster-prod",
            "initial_node_count": 0,
            "instance_group_urls": [
              "https://www.googleapis.com/compute/v1/projects/work-examples/zones/europe-west1-b/instanceGroups/gke-learnk8s-cluster-pro-default-pool-2b4f55d2-grp",
              "https://www.googleapis.com/compute/v1/projects/work-examples/zones/europe-west1-c/instanceGroups/gke-learnk8s-cluster-pro-default-pool-8b138cb8-grp",
              "https://www.googleapis.com/compute/v1/projects/work-examples/zones/europe-west1-d/instanceGroups/gke-learnk8s-cluster-pro-default-pool-6c5db118-grp",
              "https://www.googleapis.com/compute/v1/projects/work-examples/zones/europe-west1-b/instanceGroups/gke-learnk8s-cluster-prod-node-pool-c9561040-grp",
              "https://www.googleapis.com/compute/v1/projects/work-examples/zones/europe-west1-c/instanceGroups/gke-learnk8s-cluster-prod-node-pool-cf855b67-grp",
              "https://www.googleapis.com/compute/v1/projects/work-examples/zones/europe-west1-d/instanceGroups/gke-learnk8s-cluster-prod-node-pool-ba60d704-grp"
            ],
            "ip_allocation_policy": [
              {
                "cluster_ipv4_cidr_block": "10.20.0.0/16",
                "cluster_secondary_range_name": "ip-range-pods",
                "services_ipv4_cidr_block": "10.30.0.0/16",
                "services_secondary_range_name": "ip-range-services"
              }
            ],
            "label_fingerprint": "a9dc16a7",
            "location": "europe-west1",
            "logging_service": "logging.googleapis.com/kubernetes",
            "maintenance_policy": [
              {
                "daily_maintenance_window": [
                  {
                    "duration": "PT4H0M0S",
                    "start_time": "05:00"
                  }
                ],
                "recurring_window": []
              }
            ],
            "master_auth": [
              {
                "client_certificate": "",
                "client_certificate_config": [
                  {
                    "issue_client_certificate": false
                  }
                ],
                "client_key": "",
                "cluster_ca_certificate": "LS0tLS1CRUdJTiBDRVJUSUZJQ0FURS0tLS0tCk1JSUVMVENDQXBXZ0F3SUJBZ0lSQUkySXZtUVo0T0ZIZ1NScklkNkRxM013RFFZSktvWklodmNOQVFFTEJRQXcKTHpFdE1Dc0dBMVVFQXhNa05XSTBNMlkzT1dJdE56azROaTAwT1RrNExUa3hPVFF0WkdRNE5XRXlNMk0zWkdVegpNQ0FYRFRJeE1UQXhPVEl3TXpVeU4xb1lEekl3TlRFeE1ERXlNakV6TlRJM1dqQXZNUzB3S3dZRFZRUURFeVExCllqUXpaamM1WWkwM09UZzJMVFE1T1RndE9URTVOQzFrWkRnMVlUSXpZemRrWlRNd2dnR2lNQTBHQ1NxR1NJYjMKRFFFQkFRVUFBNElCandBd2dnR0tBb0lCZ1FDMHNjd1JyVFZCYXhpYVdjdjhZMlk3TGpZdmh1c1lrbnhCa2ZwNgpxbmkxWW1EeGovQ0F4OWhPVm9vR09UYms5eTRNdWlzWEZEWG9iaGlDaTFKbllzUGUxUk5XdG11emdtVkpFMUx3CnV2M256MzlDSldmaWxsZEJlOHlYbUxwb3BCa2hUN2FmQjE2djQ4UmlpUDFDQnRPSU9jRU1YSzJHS2t6a3ZPR1EKQ3RaTDNJOTZoNDUvY1hDRHAxVlJxaE1yRjhFWWp0a1lHME1JN2ZiOVZGbFRCdUVuWVV0anIrbDBReHFVakh0dwozaEcrZ2gyV3QzbEhZS25tTWZqTkdNMU1JNlBlajBEZzlVVmpCTUJZaS82azlVV3NSWXhHWkdSZ2psT2d3NUdHCnFYd2VYMEl6WWVtWlB2NXR0NDdFdTFRRW42ZFBnTTYxSy9WeVV4cTBCTUF5V3BDeDJ6eXhPYmxKSGIrblBQK3gKdGFpd2dxZ1lQV0o1ZmsxWFJ0T0NyNmZkM1FLN242aVVBU2ljR0FMUmVzODZ0WVQ0WDNuV05TRTRhY3NVNUtQQQo2YXdwOGVFejJDVUNvWlZTN2ZQVDVhM1Y4ZnIvNWo0Z3ZCQWg3WW9pWGNab21qazZ0a1AzU0ZhKzBqNm9aZHlxCmN4bDA4NHgzYk5zZzd6TVh3T2NIZUlkWVhDMENBd0VBQWFOQ01FQXdEZ1lEVlIwUEFRSC9CQVFEQWdJRU1BOEcKQTFVZEV3RUIvd1FGTUFNQkFmOHdIUVlEVlIwT0JCWUVGTEFVeFk1TTl4WmhOUC8zeWV1WTdlQlRLSUdNTUEwRwpDU3FHU0liM0RRRUJDd1VBQTRJQmdRQkw1V29TRXJJRGh3K0ZUS3FuWmNiQXlNTkxMcDVMVU1KZjZicmRqU2phCk14bUlKVkp3SWtaekpmRFhhcmpqQTF6MUFCbW1DWVRWNmczb0grR2tzMlVjMVFWSnZzNjhFY3V5U1d3Rjd5VGYKRkxySlpLNHBINDloeXErRytPK09zMmlYZnR0c3liUFdsdStwOW5FOWk4Q1hKd0RIaEE2ZkxiWFN5R1hOTWdEZQpnQ080UGtnTFdkVHdlN0NLRmgyejV5eTVOUzVSV0ZxdUVtaWtBeUhOdEluTGdKUkg1RXNab3htNFVHQi83dEhNCmVlUHlhRmJXVUcxUVZLMkpVV052eWJiMHFUYloyKzRSdStYVzNnTnZDVkJRVWlWT2ExWElTWnZxNndWSUl5V3EKTnFjZzlpM1JocEQvQWhKai81RXBvRWZtQ1NZNDhMYjIyNlFIaDZIVGJMOGZzZkxUNTRPakUwL3FISTNiYStiYgpRbjJIeFNRbFNPekRYcHN4dHRkY09wRUJnbG9zNTRXcG1aVEsrZlFwSlRqb05mL2xObGR0VmlLZ042dk9iMnMrCkhjazJyNUJJdXdBTzVad3RHS2pJVFJWem9sbDBGaGdJT201NTdHMXczSnE2WTFXY3p2VlhraWtIZlU3OE1md3IKaEsxRVB4ZkZhTm0wbHNzS05zdjF0czg9Ci0tLS0tRU5EIENFUlRJRklDQVRFLS0tLS0K",
                "password": "",
                "username": ""
              }
            ],
            "master_authorized_networks_config": [],
            "master_version": "1.21.4-gke.2300",
            "min_master_version": null,
            "monitoring_service": "monitoring.googleapis.com/kubernetes",
            "name": "learnk8s-cluster-prod",
            "network": "projects/work-examples/global/networks/gke-network-prod",
            "network_policy": [
              {
                "enabled": false,
                "provider": "PROVIDER_UNSPECIFIED"
              }
            ],
            "node_config": [
              {
                "disk_size_gb": 100,
                "disk_type": "pd-standard",
                "guest_accelerator": [],
                "image_type": "COS_CONTAINERD",
                "labels": {},
                "local_ssd_count": 0,
                "machine_type": "e2-medium",
                "metadata": {
                  "disable-legacy-endpoints": "true"
                },
                "min_cpu_platform": "",
                "oauth_scopes": [
                  "https://www.googleapis.com/auth/logging.write",
                  "https://www.googleapis.com/auth/monitoring"
                ],
                "preemptible": false,
                "service_account": "tf-gke-learnk8s-cluste-k5ig@work-examples.iam.gserviceaccount.com",
                "shielded_instance_config": [
                  {
                    "enable_integrity_monitoring": true,
                    "enable_secure_boot": false
                  }
                ],
                "tags": [],
                "taint": [],
                "workload_metadata_config": [
                  {
                    "node_metadata": "GKE_METADATA_SERVER"
                  }
                ]
              }
            ],
            "node_locations": [
              "europe-west1-b",
              "europe-west1-c",
              "europe-west1-d"
            ],
            "node_pool": [
              {
                "autoscaling": [],
                "initial_node_count": 0,
                "instance_group_urls": [
                  "https://www.googleapis.com/compute/v1/projects/work-examples/zones/europe-west1-b/instanceGroupManagers/gke-learnk8s-cluster-pro-default-pool-2b4f55d2-grp",
                  "https://www.googleapis.com/compute/v1/projects/work-examples/zones/europe-west1-c/instanceGroupManagers/gke-learnk8s-cluster-pro-default-pool-8b138cb8-grp",
                  "https://www.googleapis.com/compute/v1/projects/work-examples/zones/europe-west1-d/instanceGroupManagers/gke-learnk8s-cluster-pro-default-pool-6c5db118-grp"
                ],
                "management": [
                  {
                    "auto_repair": true,
                    "auto_upgrade": true
                  }
                ],
                "max_pods_per_node": 110,
                "name": "default-pool",
                "name_prefix": "",
                "node_config": [
                  {
                    "disk_size_gb": 100,
                    "disk_type": "pd-standard",
                    "guest_accelerator": [],
                    "image_type": "COS_CONTAINERD",
                    "labels": {},
                    "local_ssd_count": 0,
                    "machine_type": "e2-medium",
                    "metadata": {
                      "disable-legacy-endpoints": "true"
                    },
                    "min_cpu_platform": "",
                    "oauth_scopes": [
                      "https://www.googleapis.com/auth/logging.write",
                      "https://www.googleapis.com/auth/monitoring"
                    ],
                    "preemptible": false,
                    "service_account": "tf-gke-learnk8s-cluste-k5ig@work-examples.iam.gserviceaccount.com",
                    "shielded_instance_config": [
                      {
                        "enable_integrity_monitoring": true,
                        "enable_secure_boot": false
                      }
                    ],
                    "tags": [],
                    "taint": [],
                    "workload_metadata_config": [
                      {
                        "node_metadata": "GKE_METADATA_SERVER"
                      }
                    ]
                  }
                ],
                "node_count": 0,
                "node_locations": [
                  "europe-west1-b",
                  "europe-west1-c",
                  "europe-west1-d"
                ],
                "upgrade_settings": [
                  {
                    "max_surge": 1,
                    "max_unavailable": 0
                  }
                ],
                "version": "1.21.4-gke.2300"
              },
              {
                "autoscaling": [
                  {
                    "max_node_count": 2,
                    "min_node_count": 1
                  }
                ],
                "initial_node_count": 1,
                "instance_group_urls": [
                  "https://www.googleapis.com/compute/v1/projects/work-examples/zones/europe-west1-b/instanceGroupManagers/gke-learnk8s-cluster-prod-node-pool-c9561040-grp",
                  "https://www.googleapis.com/compute/v1/projects/work-examples/zones/europe-west1-c/instanceGroupManagers/gke-learnk8s-cluster-prod-node-pool-cf855b67-grp",
                  "https://www.googleapis.com/compute/v1/projects/work-examples/zones/europe-west1-d/instanceGroupManagers/gke-learnk8s-cluster-prod-node-pool-ba60d704-grp"
                ],
                "management": [
                  {
                    "auto_repair": true,
                    "auto_upgrade": true
                  }
                ],
                "max_pods_per_node": 110,
                "name": "node-pool",
                "name_prefix": "",
                "node_config": [
                  {
                    "disk_size_gb": 30,
                    "disk_type": "pd-standard",
                    "guest_accelerator": [],
                    "image_type": "COS",
                    "labels": {
                      "cluster_name": "learnk8s-cluster-prod",
                      "node_pool": "node-pool"
                    },
                    "local_ssd_count": 0,
                    "machine_type": "e2-medium",
                    "metadata": {
                      "cluster_name": "learnk8s-cluster-prod",
                      "disable-legacy-endpoints": "true",
                      "node_pool": "node-pool"
                    },
                    "min_cpu_platform": "",
                    "oauth_scopes": [
                      "https://www.googleapis.com/auth/cloud-platform"
                    ],
                    "preemptible": false,
                    "service_account": "tf-gke-learnk8s-cluste-k5ig@work-examples.iam.gserviceaccount.com",
                    "shielded_instance_config": [
                      {
                        "enable_integrity_monitoring": true,
                        "enable_secure_boot": false
                      }
                    ],
                    "tags": [
                      "gke-learnk8s-cluster-prod",
                      "gke-learnk8s-cluster-prod-node-pool"
                    ],
                    "taint": [],
                    "workload_metadata_config": [
                      {
                        "node_metadata": "GKE_METADATA_SERVER"
                      }
                    ]
                  }
                ],
                "node_count": 1,
                "node_locations": [
                  "europe-west1-b",
                  "europe-west1-c",
                  "europe-west1-d"
                ],
                "upgrade_settings": [
                  {
                    "max_surge": 1,
                    "max_unavailable": 0
                  }
                ],
                "version": "1.21.4-gke.2300"
              }
            ],
            "node_version": "1.21.4-gke.2300",
            "operation": null,
            "pod_security_policy_config": null,
            "private_cluster_config": [],
            "project": "work-examples",
            "release_channel": [
              {
                "channel": "UNSPECIFIED"
              }
            ],
            "remove_default_node_pool": null,
            "resource_labels": {},
            "resource_usage_export_config": [],
            "self_link": "https://container.googleapis.com/v1beta1/projects/work-examples/locations/europe-west1/clusters/learnk8s-cluster-prod",
            "services_ipv4_cidr": "10.30.0.0/16",
            "subnetwork": "projects/work-examples/regions/europe-west1/subnetworks/gke-subnet-prod",
            "vertical_pod_autoscaling": [
              {
                "enabled": false
              }
            ],
            "workload_identity_config": [
              {
                "identity_namespace": "work-examples.svc.id.goog"
              }
            ]
          },
          "sensitive_attributes": []
        }
      ]
    },
    {
      "module": "module.gke_auth",
      "mode": "data",
      "type": "template_file",
      "name": "kubeconfig",
      "provider": "provider[\"registry.terraform.io/hashicorp/template\"]",
      "instances": [
        {
          "schema_version": 0,
          "attributes": {
            "filename": null,
            "id": "ea818d8436bce3c0a68bd063f4ceb23cacffb55c8ee995a508c506589d1703aa",
            "rendered": "apiVersion: v1\nclusters:\n- cluster:\n    certificate-authority-data: LS0tLS1CRUdJTiBDRVJUSUZJQ0FURS0tLS0tCk1JSUVMVENDQXBXZ0F3SUJBZ0lSQUkySXZtUVo0T0ZIZ1NScklkNkRxM013RFFZSktvWklodmNOQVFFTEJRQXcKTHpFdE1Dc0dBMVVFQXhNa05XSTBNMlkzT1dJdE56azROaTAwT1RrNExUa3hPVFF0WkdRNE5XRXlNMk0zWkdVegpNQ0FYRFRJeE1UQXhPVEl3TXpVeU4xb1lEekl3TlRFeE1ERXlNakV6TlRJM1dqQXZNUzB3S3dZRFZRUURFeVExCllqUXpaamM1WWkwM09UZzJMVFE1T1RndE9URTVOQzFrWkRnMVlUSXpZemRrWlRNd2dnR2lNQTBHQ1NxR1NJYjMKRFFFQkFRVUFBNElCandBd2dnR0tBb0lCZ1FDMHNjd1JyVFZCYXhpYVdjdjhZMlk3TGpZdmh1c1lrbnhCa2ZwNgpxbmkxWW1EeGovQ0F4OWhPVm9vR09UYms5eTRNdWlzWEZEWG9iaGlDaTFKbllzUGUxUk5XdG11emdtVkpFMUx3CnV2M256MzlDSldmaWxsZEJlOHlYbUxwb3BCa2hUN2FmQjE2djQ4UmlpUDFDQnRPSU9jRU1YSzJHS2t6a3ZPR1EKQ3RaTDNJOTZoNDUvY1hDRHAxVlJxaE1yRjhFWWp0a1lHME1JN2ZiOVZGbFRCdUVuWVV0anIrbDBReHFVakh0dwozaEcrZ2gyV3QzbEhZS25tTWZqTkdNMU1JNlBlajBEZzlVVmpCTUJZaS82azlVV3NSWXhHWkdSZ2psT2d3NUdHCnFYd2VYMEl6WWVtWlB2NXR0NDdFdTFRRW42ZFBnTTYxSy9WeVV4cTBCTUF5V3BDeDJ6eXhPYmxKSGIrblBQK3gKdGFpd2dxZ1lQV0o1ZmsxWFJ0T0NyNmZkM1FLN242aVVBU2ljR0FMUmVzODZ0WVQ0WDNuV05TRTRhY3NVNUtQQQo2YXdwOGVFejJDVUNvWlZTN2ZQVDVhM1Y4ZnIvNWo0Z3ZCQWg3WW9pWGNab21qazZ0a1AzU0ZhKzBqNm9aZHlxCmN4bDA4NHgzYk5zZzd6TVh3T2NIZUlkWVhDMENBd0VBQWFOQ01FQXdEZ1lEVlIwUEFRSC9CQVFEQWdJRU1BOEcKQTFVZEV3RUIvd1FGTUFNQkFmOHdIUVlEVlIwT0JCWUVGTEFVeFk1TTl4WmhOUC8zeWV1WTdlQlRLSUdNTUEwRwpDU3FHU0liM0RRRUJDd1VBQTRJQmdRQkw1V29TRXJJRGh3K0ZUS3FuWmNiQXlNTkxMcDVMVU1KZjZicmRqU2phCk14bUlKVkp3SWtaekpmRFhhcmpqQTF6MUFCbW1DWVRWNmczb0grR2tzMlVjMVFWSnZzNjhFY3V5U1d3Rjd5VGYKRkxySlpLNHBINDloeXErRytPK09zMmlYZnR0c3liUFdsdStwOW5FOWk4Q1hKd0RIaEE2ZkxiWFN5R1hOTWdEZQpnQ080UGtnTFdkVHdlN0NLRmgyejV5eTVOUzVSV0ZxdUVtaWtBeUhOdEluTGdKUkg1RXNab3htNFVHQi83dEhNCmVlUHlhRmJXVUcxUVZLMkpVV052eWJiMHFUYloyKzRSdStYVzNnTnZDVkJRVWlWT2ExWElTWnZxNndWSUl5V3EKTnFjZzlpM1JocEQvQWhKai81RXBvRWZtQ1NZNDhMYjIyNlFIaDZIVGJMOGZzZkxUNTRPakUwL3FISTNiYStiYgpRbjJIeFNRbFNPekRYcHN4dHRkY09wRUJnbG9zNTRXcG1aVEsrZlFwSlRqb05mL2xObGR0VmlLZ042dk9iMnMrCkhjazJyNUJJdXdBTzVad3RHS2pJVFJWem9sbDBGaGdJT201NTdHMXczSnE2WTFXY3p2VlhraWtIZlU3OE1md3IKaEsxRVB4ZkZhTm0wbHNzS05zdjF0czg9Ci0tLS0tRU5EIENFUlRJRklDQVRFLS0tLS0K\n    server: https://146.148.9.185\n  name: learnk8s-cluster-prod\ncontexts:\n- context:\n    cluster: learnk8s-cluster-prod\n    user: learnk8s-cluster-prod\n  name: learnk8s-cluster-prod\ncurrent-context: learnk8s-cluster-prod\nkind: Config\npreferences: {}\nusers:\n- name: learnk8s-cluster-prod\n  user:\n    token: ya29.a0ARrdaM8ZEC5zdjyNJmw1PkZ_0ypomNPDX36mItdtX2PXyLNj-QeouOVBr1X6_Wi-I96cG_5tpYf0KZEDl52qCjR2ch391BzQ1wSMPiqXPAgJLSflGO7Orz4vIR5E_ZvQIoPZNDGXZQqg_2m_9Kkxz1vm2G_-\n",
            "template": "apiVersion: v1\nclusters:\n- cluster:\n    certificate-authority-data: ${cluster_ca_certificate}\n    server: https://${endpoint}\n  name: ${context}\ncontexts:\n- context:\n    cluster: ${context}\n    user: ${context}\n  name: ${context}\ncurrent-context: ${context}\nkind: Config\npreferences: {}\nusers:\n- name: ${context}\n  user:\n    token: ${token}\n",
            "vars": {
              "cluster_ca_certificate": "LS0tLS1CRUdJTiBDRVJUSUZJQ0FURS0tLS0tCk1JSUVMVENDQXBXZ0F3SUJBZ0lSQUkySXZtUVo0T0ZIZ1NScklkNkRxM013RFFZSktvWklodmNOQVFFTEJRQXcKTHpFdE1Dc0dBMVVFQXhNa05XSTBNMlkzT1dJdE56azROaTAwT1RrNExUa3hPVFF0WkdRNE5XRXlNMk0zWkdVegpNQ0FYRFRJeE1UQXhPVEl3TXpVeU4xb1lEekl3TlRFeE1ERXlNakV6TlRJM1dqQXZNUzB3S3dZRFZRUURFeVExCllqUXpaamM1WWkwM09UZzJMVFE1T1RndE9URTVOQzFrWkRnMVlUSXpZemRrWlRNd2dnR2lNQTBHQ1NxR1NJYjMKRFFFQkFRVUFBNElCandBd2dnR0tBb0lCZ1FDMHNjd1JyVFZCYXhpYVdjdjhZMlk3TGpZdmh1c1lrbnhCa2ZwNgpxbmkxWW1EeGovQ0F4OWhPVm9vR09UYms5eTRNdWlzWEZEWG9iaGlDaTFKbllzUGUxUk5XdG11emdtVkpFMUx3CnV2M256MzlDSldmaWxsZEJlOHlYbUxwb3BCa2hUN2FmQjE2djQ4UmlpUDFDQnRPSU9jRU1YSzJHS2t6a3ZPR1EKQ3RaTDNJOTZoNDUvY1hDRHAxVlJxaE1yRjhFWWp0a1lHME1JN2ZiOVZGbFRCdUVuWVV0anIrbDBReHFVakh0dwozaEcrZ2gyV3QzbEhZS25tTWZqTkdNMU1JNlBlajBEZzlVVmpCTUJZaS82azlVV3NSWXhHWkdSZ2psT2d3NUdHCnFYd2VYMEl6WWVtWlB2NXR0NDdFdTFRRW42ZFBnTTYxSy9WeVV4cTBCTUF5V3BDeDJ6eXhPYmxKSGIrblBQK3gKdGFpd2dxZ1lQV0o1ZmsxWFJ0T0NyNmZkM1FLN242aVVBU2ljR0FMUmVzODZ0WVQ0WDNuV05TRTRhY3NVNUtQQQo2YXdwOGVFejJDVUNvWlZTN2ZQVDVhM1Y4ZnIvNWo0Z3ZCQWg3WW9pWGNab21qazZ0a1AzU0ZhKzBqNm9aZHlxCmN4bDA4NHgzYk5zZzd6TVh3T2NIZUlkWVhDMENBd0VBQWFOQ01FQXdEZ1lEVlIwUEFRSC9CQVFEQWdJRU1BOEcKQTFVZEV3RUIvd1FGTUFNQkFmOHdIUVlEVlIwT0JCWUVGTEFVeFk1TTl4WmhOUC8zeWV1WTdlQlRLSUdNTUEwRwpDU3FHU0liM0RRRUJDd1VBQTRJQmdRQkw1V29TRXJJRGh3K0ZUS3FuWmNiQXlNTkxMcDVMVU1KZjZicmRqU2phCk14bUlKVkp3SWtaekpmRFhhcmpqQTF6MUFCbW1DWVRWNmczb0grR2tzMlVjMVFWSnZzNjhFY3V5U1d3Rjd5VGYKRkxySlpLNHBINDloeXErRytPK09zMmlYZnR0c3liUFdsdStwOW5FOWk4Q1hKd0RIaEE2ZkxiWFN5R1hOTWdEZQpnQ080UGtnTFdkVHdlN0NLRmgyejV5eTVOUzVSV0ZxdUVtaWtBeUhOdEluTGdKUkg1RXNab3htNFVHQi83dEhNCmVlUHlhRmJXVUcxUVZLMkpVV052eWJiMHFUYloyKzRSdStYVzNnTnZDVkJRVWlWT2ExWElTWnZxNndWSUl5V3EKTnFjZzlpM1JocEQvQWhKai81RXBvRWZtQ1NZNDhMYjIyNlFIaDZIVGJMOGZzZkxUNTRPakUwL3FISTNiYStiYgpRbjJIeFNRbFNPekRYcHN4dHRkY09wRUJnbG9zNTRXcG1aVEsrZlFwSlRqb05mL2xObGR0VmlLZ042dk9iMnMrCkhjazJyNUJJdXdBTzVad3RHS2pJVFJWem9sbDBGaGdJT201NTdHMXczSnE2WTFXY3p2VlhraWtIZlU3OE1md3IKaEsxRVB4ZkZhTm0wbHNzS05zdjF0czg9Ci0tLS0tRU5EIENFUlRJRklDQVRFLS0tLS0K",
              "context": "learnk8s-cluster-prod",
              "endpoint": "146.148.9.185",
              "token": "ya29.a0ARrdaM8ZEC5zdjyNJmw1PkZ_0ypomNPDX36mItdtX2PXyLNj-QeouOVBr1X6_Wi-I96cG_5tpYf0KZEDl52qCjR2ch391BzQ1wSMPiqXPAgJLSflGO7Orz4vIR5E_ZvQIoPZNDGXZQqg_2m_9Kkxz1vm2G_-"
            }
          },
          "sensitive_attributes": [
            [
              {
                "type": "get_attr",
                "value": "vars"
              },
              {
                "type": "index",
                "value": {
                  "value": "token",
                  "type": "string"
                }
              }
            ]
          ]
        }
      ]
    }
  ]
}
